{
  "name": "network-scanjs",
  "version": "1.0.1",
  "lockfileVersion": 1,
  "requires": true,
  "dependencies": {
    "node-fetch": {
      "version": "2.6.1",
      "resolved": "https://registry.npmjs.org/node-fetch/-/node-fetch-2.6.1.tgz",
      "integrity": "sha512-V4aYg89jEoVRxRb2fJdAg8FHvI7cEyYdVAh94HH0UIK8oJxUfkjlDQN9RbMx+bEjP7+ggMiFRprSti032Oipxw=="
    },
    "nodejs-traceroute": {
      "version": "1.2.0",
      "resolved": "https://registry.npmjs.org/nodejs-traceroute/-/nodejs-traceroute-1.2.0.tgz",
      "integrity": "sha512-mrhJf8Ulum2+OOie9zz7gXT6b2Wrjsll2Bo/yBXDBziEYHm3mZdtRMQtD9Hoj0BLHIRdMYrzL+flmkyZwaFgBg==",
      "requires": {
        "validator": "^12.2.0"
      }
    },
    "ping": {
      "version": "0.2.3",
      "resolved": "https://registry.npmjs.org/ping/-/ping-0.2.3.tgz",
      "integrity": "sha512-UiwPl9kpzYIE0iz+EUSjISoVCyg44YckaT3BQ60j4xYuRrxGKH4w3ICSyw6xe3va2zgzD9T0yB8h220PM0Elhg==",
      "requires": {
        "q": "1.x",
        "underscore": "^1.8.3"
      }
    },
    "q": {
      "version": "1.5.1",
      "resolved": "https://registry.npmjs.org/q/-/q-1.5.1.tgz",
      "integrity": "sha1-fjL3W0E4EpHQRhHxvxQQmsAGUdc="
    },
    "traceroute": {
      "version": "1.0.0",
      "resolved": "https://registry.npmjs.org/traceroute/-/traceroute-1.0.0.tgz",
      "integrity": "sha1-SwiZbiqE7lxc1uDqsV+XzXpWo9s="
    },
    "underscore": {
      "version": "1.10.2",
      "resolved": "https://registry.npmjs.org/underscore/-/underscore-1.10.2.tgz",
      "integrity": "sha512-N4P+Q/BuyuEKFJ43B9gYuOj4TQUHXX+j2FqguVOpjkssLUUrnJofCcBccJSCoeturDoZU6GorDTHSvUDlSQbTg=="
    },
    "validator": {
      "version": "12.2.0",
      "resolved": "https://registry.npmjs.org/validator/-/validator-12.2.0.tgz",
      "integrity": "sha512-jJfE/DW6tIK1Ek8nCfNFqt8Wb3nzMoAbocBF6/Icgg1ZFSBpObdnwVY2jQj6qUqzhx5jc71fpvBWyLGO7Xl+nQ=="
    }
  }
}
